Microsoft Visual Studio Solution File, Format Version 12.00
# Visual Studio Version 17
VisualStudioVersion = 17.0.31903.59
MinimumVisualStudioVersion = 10.0.40219.1
Project("{9A19103F-16F7-4668-BE54-9A1E7A4F75556}") = "BikeShareWebApp", "BikeShareWebApp.csproj", "{3CFE2C6B-2D2B-41B1-91B5-B4558690A5E1}"
EndProject
Global
    GlobalSection(SolutionConfigurationPlatforms) = preSolution
        Debug|Any CPU = Debug|Any CPU
        Release|Any CPU = Release|Any CPU
    EndGlobalSection
    GlobalSection(ProjectConfigurationPlatforms) = postSolution
        {3CFE2C6B-2D2B-41B1-91B5-B4558690A5E1}.Debug|Any CPU.ActiveCfg = Debug|Any CPU
        {3CFE2C6B-2D2B-41B1-91B5-B4558690A5E1}.Debug|Any CPU.Build.0 = Debug|Any CPU
        {3CFE2C6B-2D2B-41B1-91B5-B4558690A5E1}.Release|Any CPU.ActiveCfg = Release|Any CPU
        {3CFE2C6B-2D2B-41B1-91B5-B4558690A5E1}.Release|Any CPU.Build.0 = Release|Any CPU
    EndGlobalSection
EndGlobal
